{
	"name": "@sfdx-falcon/util",
	"version": "0.0.2-alpha.0",
	"lockfileVersion": 1,
	"requires": true,
	"dependencies": {
		"@salesforce/ts-types": {
			"version": "1.2.0",
			"resolved": "https://registry.npmjs.org/@salesforce/ts-types/-/ts-types-1.2.0.tgz",
			"integrity": "sha512-gMoU/8ks+JlP4sVMURkVZqJ30hyN+6IBlVX03faHrF0Airdjx8E6fkkgkRurTlpjSRZgzvcktsh73XlGNQd3Kw==",
			"requires": {
				"tslib": "^1.10.0"
			}
		},
		"tslib": {
			"version": "1.10.0",
			"resolved": "https://registry.npmjs.org/tslib/-/tslib-1.10.0.tgz",
			"integrity": "sha512-qOebF53frne81cf0S9B41ByenJ3/IuH8yJKngAX35CmiZySA0khhkovshKK+jGCaMnVomla7gVlIcc3EvKPbTQ=="
		}
	}
}
